
Microsoft Visual Studio Solution File, Format Version 12.00
# Visual Studio 15
VisualStudioVersion = 15.0.28307.438
MinimumVisualStudioVersion = 10.0.40219.1
Project("{FAE04EC0-301F-11D3-BF4B-00C04F79EFBC}") = "WebApplication", "WebApplication\WebApplication.csproj", "{1EC8A319-E765-4CA8-8A41-02CDE4523DDA}"
EndProject
Global
	GlobalSection(SolutionConfigurationPlatforms) = preSolution
		Debug|Any CPU = Debug|Any CPU
		Release|Any CPU = Release|Any CPU
	EndGlobalSection
	GlobalSection(ProjectConfigurationPlatforms) = postSolution
		{1EC8A319-E765-4CA8-8A41-02CDE4523DDA}.Debug|Any CPU.ActiveCfg = Debug|Any CPU
		{1EC8A319-E765-4CA8-8A41-02CDE4523DDA}.Debug|Any CPU.Build.0 = Debug|Any CPU
		{1EC8A319-E765-4CA8-8A41-02CDE4523DDA}.Release|Any CPU.ActiveCfg = Release|Any CPU
		{1EC8A319-E765-4CA8-8A41-02CDE4523DDA}.Release|Any CPU.Build.0 = Release|Any CPU
	EndGlobalSection
	GlobalSection(SolutionProperties) = preSolution
		HideSolutionNode = FALSE
	EndGlobalSection
	GlobalSection(ExtensibilityGlobals) = postSolution
		SolutionGuid = {EF3D5D26-5071-4EB5-B660-7393EE4D8390}
	EndGlobalSection
EndGlobal
