
Microsoft Visual Studio Solution File, Format Version 12.00
# Visual Studio 15
VisualStudioVersion = 15.0.28307.438
MinimumVisualStudioVersion = 10.0.40219.1
Project("{FAE04EC0-301F-11D3-BF4B-00C04F79EFBC}") = "WebApplication", "WebApplication\WebApplication.csproj", "{CC234194-AB82-496F-9FEA-268701C18B47}"
EndProject
Global
	GlobalSection(SolutionConfigurationPlatforms) = preSolution
		Debug|Any CPU = Debug|Any CPU
		Release|Any CPU = Release|Any CPU
	EndGlobalSection
	GlobalSection(ProjectConfigurationPlatforms) = postSolution
		{CC234194-AB82-496F-9FEA-268701C18B47}.Debug|Any CPU.ActiveCfg = Debug|Any CPU
		{CC234194-AB82-496F-9FEA-268701C18B47}.Debug|Any CPU.Build.0 = Debug|Any CPU
		{CC234194-AB82-496F-9FEA-268701C18B47}.Release|Any CPU.ActiveCfg = Release|Any CPU
		{CC234194-AB82-496F-9FEA-268701C18B47}.Release|Any CPU.Build.0 = Release|Any CPU
	EndGlobalSection
	GlobalSection(SolutionProperties) = preSolution
		HideSolutionNode = FALSE
	EndGlobalSection
	GlobalSection(ExtensibilityGlobals) = postSolution
		SolutionGuid = {BB637B70-E0B0-4706-A732-6F21C2F83E48}
	EndGlobalSection
EndGlobal
